
Microsoft Visual Studio Solution File, Format Version 12.00
# Visual Studio Version 17
VisualStudioVersion = 17.2.32526.322
MinimumVisualStudioVersion = 10.0.40219.1
Project("{9A19103F-16F7-4668-BE54-9A1E7A4F7556}") = "AAS.BackOffice", "AAS.BackOffice\AAS.BackOffice.csproj", "{D9BF593E-A0F9-4C3D-86D7-D621E634410E}"
EndProject
Project("{9A19103F-16F7-4668-BE54-9A1E7A4F7556}") = "AAS.Services", "AAS.Services\AAS.Services.csproj", "{171FCDD2-C96A-4630-AD0E-E2F548AC83F9}"
EndProject
Project("{9A19103F-16F7-4668-BE54-9A1E7A4F7556}") = "AAS.Domain", "AAS.Domain\AAS.Domain.csproj", "{1C45B0ED-81F6-458C-82D5-F6D91D22C6B4}"
EndProject
Project("{9A19103F-16F7-4668-BE54-9A1E7A4F7556}") = "AAS.Tools", "AAS.Tools\AAS.Tools.csproj", "{560744E3-FC7B-4A47-B46D-D906062E6C28}"
EndProject
Project("{FAE04EC0-301F-11D3-BF4B-00C04F79EFBC}") = "AAS.Services.Configurator", "AAS.Services.Configurator\AAS.Services.Configurator.csproj", "{BB8F554A-72A7-4864-B42A-5C4B6562D337}"
EndProject
Global
	GlobalSection(SolutionConfigurationPlatforms) = preSolution
		Debug|Any CPU = Debug|Any CPU
		Debug|ARM = Debug|ARM
		Debug|ARM64 = Debug|ARM64
		Debug|x64 = Debug|x64
		Debug|x86 = Debug|x86
		Release|Any CPU = Release|Any CPU
		Release|ARM = Release|ARM
		Release|ARM64 = Release|ARM64
		Release|x64 = Release|x64
		Release|x86 = Release|x86
	EndGlobalSection
	GlobalSection(ProjectConfigurationPlatforms) = postSolution
		{D9BF593E-A0F9-4C3D-86D7-D621E634410E}.Debug|Any CPU.ActiveCfg = Debug|Any CPU
		{D9BF593E-A0F9-4C3D-86D7-D621E634410E}.Debug|Any CPU.Build.0 = Debug|Any CPU
		{D9BF593E-A0F9-4C3D-86D7-D621E634410E}.Debug|ARM.ActiveCfg = Debug|Any CPU
		{D9BF593E-A0F9-4C3D-86D7-D621E634410E}.Debug|ARM.Build.0 = Debug|Any CPU
		{D9BF593E-A0F9-4C3D-86D7-D621E634410E}.Debug|ARM64.ActiveCfg = Debug|Any CPU
		{D9BF593E-A0F9-4C3D-86D7-D621E634410E}.Debug|ARM64.Build.0 = Debug|Any CPU
		{D9BF593E-A0F9-4C3D-86D7-D621E634410E}.Debug|x64.ActiveCfg = Debug|Any CPU
		{D9BF593E-A0F9-4C3D-86D7-D621E634410E}.Debug|x64.Build.0 = Debug|Any CPU
		{D9BF593E-A0F9-4C3D-86D7-D621E634410E}.Debug|x86.ActiveCfg = Debug|Any CPU
		{D9BF593E-A0F9-4C3D-86D7-D621E634410E}.Debug|x86.Build.0 = Debug|Any CPU
		{D9BF593E-A0F9-4C3D-86D7-D621E634410E}.Release|Any CPU.ActiveCfg = Release|Any CPU
		{D9BF593E-A0F9-4C3D-86D7-D621E634410E}.Release|Any CPU.Build.0 = Release|Any CPU
		{D9BF593E-A0F9-4C3D-86D7-D621E634410E}.Release|ARM.ActiveCfg = Release|Any CPU
		{D9BF593E-A0F9-4C3D-86D7-D621E634410E}.Release|ARM.Build.0 = Release|Any CPU
		{D9BF593E-A0F9-4C3D-86D7-D621E634410E}.Release|ARM64.ActiveCfg = Release|Any CPU
		{D9BF593E-A0F9-4C3D-86D7-D621E634410E}.Release|ARM64.Build.0 = Release|Any CPU
		{D9BF593E-A0F9-4C3D-86D7-D621E634410E}.Release|x64.ActiveCfg = Release|Any CPU
		{D9BF593E-A0F9-4C3D-86D7-D621E634410E}.Release|x64.Build.0 = Release|Any CPU
		{D9BF593E-A0F9-4C3D-86D7-D621E634410E}.Release|x86.ActiveCfg = Release|Any CPU
		{D9BF593E-A0F9-4C3D-86D7-D621E634410E}.Release|x86.Build.0 = Release|Any CPU
		{171FCDD2-C96A-4630-AD0E-E2F548AC83F9}.Debug|Any CPU.ActiveCfg = Debug|Any CPU
		{171FCDD2-C96A-4630-AD0E-E2F548AC83F9}.Debug|Any CPU.Build.0 = Debug|Any CPU
		{171FCDD2-C96A-4630-AD0E-E2F548AC83F9}.Debug|ARM.ActiveCfg = Debug|Any CPU
		{171FCDD2-C96A-4630-AD0E-E2F548AC83F9}.Debug|ARM.Build.0 = Debug|Any CPU
		{171FCDD2-C96A-4630-AD0E-E2F548AC83F9}.Debug|ARM64.ActiveCfg = Debug|Any CPU
		{171FCDD2-C96A-4630-AD0E-E2F548AC83F9}.Debug|ARM64.Build.0 = Debug|Any CPU
		{171FCDD2-C96A-4630-AD0E-E2F548AC83F9}.Debug|x64.ActiveCfg = Debug|Any CPU
		{171FCDD2-C96A-4630-AD0E-E2F548AC83F9}.Debug|x64.Build.0 = Debug|Any CPU
		{171FCDD2-C96A-4630-AD0E-E2F548AC83F9}.Debug|x86.ActiveCfg = Debug|Any CPU
		{171FCDD2-C96A-4630-AD0E-E2F548AC83F9}.Debug|x86.Build.0 = Debug|Any CPU
		{171FCDD2-C96A-4630-AD0E-E2F548AC83F9}.Release|Any CPU.ActiveCfg = Release|Any CPU
		{171FCDD2-C96A-4630-AD0E-E2F548AC83F9}.Release|Any CPU.Build.0 = Release|Any CPU
		{171FCDD2-C96A-4630-AD0E-E2F548AC83F9}.Release|ARM.ActiveCfg = Release|Any CPU
		{171FCDD2-C96A-4630-AD0E-E2F548AC83F9}.Release|ARM.Build.0 = Release|Any CPU
		{171FCDD2-C96A-4630-AD0E-E2F548AC83F9}.Release|ARM64.ActiveCfg = Release|Any CPU
		{171FCDD2-C96A-4630-AD0E-E2F548AC83F9}.Release|ARM64.Build.0 = Release|Any CPU
		{171FCDD2-C96A-4630-AD0E-E2F548AC83F9}.Release|x64.ActiveCfg = Release|Any CPU
		{171FCDD2-C96A-4630-AD0E-E2F548AC83F9}.Release|x64.Build.0 = Release|Any CPU
		{171FCDD2-C96A-4630-AD0E-E2F548AC83F9}.Release|x86.ActiveCfg = Release|Any CPU
		{171FCDD2-C96A-4630-AD0E-E2F548AC83F9}.Release|x86.Build.0 = Release|Any CPU
		{1C45B0ED-81F6-458C-82D5-F6D91D22C6B4}.Debug|Any CPU.ActiveCfg = Debug|Any CPU
		{1C45B0ED-81F6-458C-82D5-F6D91D22C6B4}.Debug|Any CPU.Build.0 = Debug|Any CPU
		{1C45B0ED-81F6-458C-82D5-F6D91D22C6B4}.Debug|ARM.ActiveCfg = Debug|Any CPU
		{1C45B0ED-81F6-458C-82D5-F6D91D22C6B4}.Debug|ARM.Build.0 = Debug|Any CPU
		{1C45B0ED-81F6-458C-82D5-F6D91D22C6B4}.Debug|ARM64.ActiveCfg = Debug|Any CPU
		{1C45B0ED-81F6-458C-82D5-F6D91D22C6B4}.Debug|ARM64.Build.0 = Debug|Any CPU
		{1C45B0ED-81F6-458C-82D5-F6D91D22C6B4}.Debug|x64.ActiveCfg = Debug|Any CPU
		{1C45B0ED-81F6-458C-82D5-F6D91D22C6B4}.Debug|x64.Build.0 = Debug|Any CPU
		{1C45B0ED-81F6-458C-82D5-F6D91D22C6B4}.Debug|x86.ActiveCfg = Debug|Any CPU
		{1C45B0ED-81F6-458C-82D5-F6D91D22C6B4}.Debug|x86.Build.0 = Debug|Any CPU
		{1C45B0ED-81F6-458C-82D5-F6D91D22C6B4}.Release|Any CPU.ActiveCfg = Release|Any CPU
		{1C45B0ED-81F6-458C-82D5-F6D91D22C6B4}.Release|Any CPU.Build.0 = Release|Any CPU
		{1C45B0ED-81F6-458C-82D5-F6D91D22C6B4}.Release|ARM.ActiveCfg = Release|Any CPU
		{1C45B0ED-81F6-458C-82D5-F6D91D22C6B4}.Release|ARM.Build.0 = Release|Any CPU
		{1C45B0ED-81F6-458C-82D5-F6D91D22C6B4}.Release|ARM64.ActiveCfg = Release|Any CPU
		{1C45B0ED-81F6-458C-82D5-F6D91D22C6B4}.Release|ARM64.Build.0 = Release|Any CPU
		{1C45B0ED-81F6-458C-82D5-F6D91D22C6B4}.Release|x64.ActiveCfg = Release|Any CPU
		{1C45B0ED-81F6-458C-82D5-F6D91D22C6B4}.Release|x64.Build.0 = Release|Any CPU
		{1C45B0ED-81F6-458C-82D5-F6D91D22C6B4}.Release|x86.ActiveCfg = Release|Any CPU
		{1C45B0ED-81F6-458C-82D5-F6D91D22C6B4}.Release|x86.Build.0 = Release|Any CPU
		{560744E3-FC7B-4A47-B46D-D906062E6C28}.Debug|Any CPU.ActiveCfg = Debug|Any CPU
		{560744E3-FC7B-4A47-B46D-D906062E6C28}.Debug|Any CPU.Build.0 = Debug|Any CPU
		{560744E3-FC7B-4A47-B46D-D906062E6C28}.Debug|ARM.ActiveCfg = Debug|Any CPU
		{560744E3-FC7B-4A47-B46D-D906062E6C28}.Debug|ARM.Build.0 = Debug|Any CPU
		{560744E3-FC7B-4A47-B46D-D906062E6C28}.Debug|ARM64.ActiveCfg = Debug|Any CPU
		{560744E3-FC7B-4A47-B46D-D906062E6C28}.Debug|ARM64.Build.0 = Debug|Any CPU
		{560744E3-FC7B-4A47-B46D-D906062E6C28}.Debug|x64.ActiveCfg = Debug|Any CPU
		{560744E3-FC7B-4A47-B46D-D906062E6C28}.Debug|x64.Build.0 = Debug|Any CPU
		{560744E3-FC7B-4A47-B46D-D906062E6C28}.Debug|x86.ActiveCfg = Debug|Any CPU
		{560744E3-FC7B-4A47-B46D-D906062E6C28}.Debug|x86.Build.0 = Debug|Any CPU
		{560744E3-FC7B-4A47-B46D-D906062E6C28}.Release|Any CPU.ActiveCfg = Release|Any CPU
		{560744E3-FC7B-4A47-B46D-D906062E6C28}.Release|Any CPU.Build.0 = Release|Any CPU
		{560744E3-FC7B-4A47-B46D-D906062E6C28}.Release|ARM.ActiveCfg = Release|Any CPU
		{560744E3-FC7B-4A47-B46D-D906062E6C28}.Release|ARM.Build.0 = Release|Any CPU
		{560744E3-FC7B-4A47-B46D-D906062E6C28}.Release|ARM64.ActiveCfg = Release|Any CPU
		{560744E3-FC7B-4A47-B46D-D906062E6C28}.Release|ARM64.Build.0 = Release|Any CPU
		{560744E3-FC7B-4A47-B46D-D906062E6C28}.Release|x64.ActiveCfg = Release|Any CPU
		{560744E3-FC7B-4A47-B46D-D906062E6C28}.Release|x64.Build.0 = Release|Any CPU
		{560744E3-FC7B-4A47-B46D-D906062E6C28}.Release|x86.ActiveCfg = Release|Any CPU
		{560744E3-FC7B-4A47-B46D-D906062E6C28}.Release|x86.Build.0 = Release|Any CPU
		{BB8F554A-72A7-4864-B42A-5C4B6562D337}.Debug|Any CPU.ActiveCfg = Debug|Any CPU
		{BB8F554A-72A7-4864-B42A-5C4B6562D337}.Debug|Any CPU.Build.0 = Debug|Any CPU
		{BB8F554A-72A7-4864-B42A-5C4B6562D337}.Debug|ARM.ActiveCfg = Debug|Any CPU
		{BB8F554A-72A7-4864-B42A-5C4B6562D337}.Debug|ARM.Build.0 = Debug|Any CPU
		{BB8F554A-72A7-4864-B42A-5C4B6562D337}.Debug|ARM64.ActiveCfg = Debug|Any CPU
		{BB8F554A-72A7-4864-B42A-5C4B6562D337}.Debug|ARM64.Build.0 = Debug|Any CPU
		{BB8F554A-72A7-4864-B42A-5C4B6562D337}.Debug|x64.ActiveCfg = Debug|Any CPU
		{BB8F554A-72A7-4864-B42A-5C4B6562D337}.Debug|x64.Build.0 = Debug|Any CPU
		{BB8F554A-72A7-4864-B42A-5C4B6562D337}.Debug|x86.ActiveCfg = Debug|Any CPU
		{BB8F554A-72A7-4864-B42A-5C4B6562D337}.Debug|x86.Build.0 = Debug|Any CPU
		{BB8F554A-72A7-4864-B42A-5C4B6562D337}.Release|Any CPU.ActiveCfg = Release|Any CPU
		{BB8F554A-72A7-4864-B42A-5C4B6562D337}.Release|Any CPU.Build.0 = Release|Any CPU
		{BB8F554A-72A7-4864-B42A-5C4B6562D337}.Release|ARM.ActiveCfg = Release|Any CPU
		{BB8F554A-72A7-4864-B42A-5C4B6562D337}.Release|ARM.Build.0 = Release|Any CPU
		{BB8F554A-72A7-4864-B42A-5C4B6562D337}.Release|ARM64.ActiveCfg = Release|Any CPU
		{BB8F554A-72A7-4864-B42A-5C4B6562D337}.Release|ARM64.Build.0 = Release|Any CPU
		{BB8F554A-72A7-4864-B42A-5C4B6562D337}.Release|x64.ActiveCfg = Release|Any CPU
		{BB8F554A-72A7-4864-B42A-5C4B6562D337}.Release|x64.Build.0 = Release|Any CPU
		{BB8F554A-72A7-4864-B42A-5C4B6562D337}.Release|x86.ActiveCfg = Release|Any CPU
		{BB8F554A-72A7-4864-B42A-5C4B6562D337}.Release|x86.Build.0 = Release|Any CPU
	EndGlobalSection
	GlobalSection(SolutionProperties) = preSolution
		HideSolutionNode = FALSE
	EndGlobalSection
	GlobalSection(ExtensibilityGlobals) = postSolution
		SolutionGuid = {7D6CA6F6-4BEC-4AD2-812B-179F50B5C398}
	EndGlobalSection
EndGlobal
